
Microsoft Visual Studio Solution File, Format Version 12.00
# Visual Studio Version 17
VisualStudioVersion = 17.12.35527.113 d17.12
MinimumVisualStudioVersion = 10.0.40219.1
Project("{FAE04EC0-301F-11D3-BF4B-00C04F79EFBC}") = "FitnessApp.BL", "FitnessApp.BL\FitnessApp.BL.csproj", "{01C727C4-6291-47CD-9104-4F6A7406CDCE}"
EndProject
Project("{FAE04EC0-301F-11D3-BF4B-00C04F79EFBC}") = "FitnessApp.CMD", "FitnessApp.CMD\FitnessApp.CMD.csproj", "{F2D12335-8873-42DC-9199-74BEE9A96C6E}"
EndProject
Global
	GlobalSection(SolutionConfigurationPlatforms) = preSolution
		Debug|Any CPU = Debug|Any CPU
		Release|Any CPU = Release|Any CPU
	EndGlobalSection
	GlobalSection(ProjectConfigurationPlatforms) = postSolution
		{01C727C4-6291-47CD-9104-4F6A7406CDCE}.Debug|Any CPU.ActiveCfg = Debug|Any CPU
		{01C727C4-6291-47CD-9104-4F6A7406CDCE}.Debug|Any CPU.Build.0 = Debug|Any CPU
		{01C727C4-6291-47CD-9104-4F6A7406CDCE}.Release|Any CPU.ActiveCfg = Release|Any CPU
		{01C727C4-6291-47CD-9104-4F6A7406CDCE}.Release|Any CPU.Build.0 = Release|Any CPU
		{F2D12335-8873-42DC-9199-74BEE9A96C6E}.Debug|Any CPU.ActiveCfg = Debug|Any CPU
		{F2D12335-8873-42DC-9199-74BEE9A96C6E}.Debug|Any CPU.Build.0 = Debug|Any CPU
		{F2D12335-8873-42DC-9199-74BEE9A96C6E}.Release|Any CPU.ActiveCfg = Release|Any CPU
		{F2D12335-8873-42DC-9199-74BEE9A96C6E}.Release|Any CPU.Build.0 = Release|Any CPU
	EndGlobalSection
	GlobalSection(SolutionProperties) = preSolution
		HideSolutionNode = FALSE
	EndGlobalSection
EndGlobal
